
Microsoft Visual Studio Solution File, Format Version 12.00
# Visual Studio Version 17
VisualStudioVersion = 17.0.31903.59
MinimumVisualStudioVersion = 10.0.40219.1
Project("{FAE04EC0-301F-11D3-BF4B-00C04F79EFBC}") = "Tests", "Tests\Tests.csproj", "{C8D0CCED-8B1D-4143-A284-D2F550F82C8E}"
EndProject
Project("{FAE04EC0-301F-11D3-BF4B-00C04F79EFBC}") = "Functions", "Functions\Functions.csproj", "{3DD63794-1E11-4F89-A8F5-E822FD11E162}"
EndProject
Global
	GlobalSection(SolutionConfigurationPlatforms) = preSolution
		Debug|Any CPU = Debug|Any CPU
		Release|Any CPU = Release|Any CPU
	EndGlobalSection
	GlobalSection(SolutionProperties) = preSolution
		HideSolutionNode = FALSE
	EndGlobalSection
	GlobalSection(ProjectConfigurationPlatforms) = postSolution
		{C8D0CCED-8B1D-4143-A284-D2F550F82C8E}.Debug|Any CPU.ActiveCfg = Debug|Any CPU
		{C8D0CCED-8B1D-4143-A284-D2F550F82C8E}.Debug|Any CPU.Build.0 = Debug|Any CPU
		{C8D0CCED-8B1D-4143-A284-D2F550F82C8E}.Release|Any CPU.ActiveCfg = Release|Any CPU
		{C8D0CCED-8B1D-4143-A284-D2F550F82C8E}.Release|Any CPU.Build.0 = Release|Any CPU
		{3DD63794-1E11-4F89-A8F5-E822FD11E162}.Debug|Any CPU.ActiveCfg = Debug|Any CPU
		{3DD63794-1E11-4F89-A8F5-E822FD11E162}.Debug|Any CPU.Build.0 = Debug|Any CPU
		{3DD63794-1E11-4F89-A8F5-E822FD11E162}.Release|Any CPU.ActiveCfg = Release|Any CPU
		{3DD63794-1E11-4F89-A8F5-E822FD11E162}.Release|Any CPU.Build.0 = Release|Any CPU
	EndGlobalSection
EndGlobal
