
Microsoft Visual Studio Solution File, Format Version 12.00
# Visual Studio Version 17
VisualStudioVersion = 17.0.31903.59
MinimumVisualStudioVersion = 10.0.40219.1
Project("{FAE04EC0-301F-11D3-BF4B-00C04F79EFBC}") = "Tests", "Tests\Tests.csproj", "{22F127FD-A864-44A0-AA88-95EBCD77B3DA}"
EndProject
Project("{FAE04EC0-301F-11D3-BF4B-00C04F79EFBC}") = "Trie", "Trie\Trie.csproj", "{40802BFD-8E66-4867-AB19-A091AC449C06}"
EndProject
Project("{FAE04EC0-301F-11D3-BF4B-00C04F79EFBC}") = "LZW", "LZW\LZW.csproj", "{AB72C38F-EE06-462C-83C7-D6D9F941B9D5}"
EndProject
Project("{FAE04EC0-301F-11D3-BF4B-00C04F79EFBC}") = "LZW.Tests", "LZW.Tests\LZW.Tests.csproj", "{00ED52E3-79C2-4B3D-B6B8-98178139121E}"
EndProject
Project("{FAE04EC0-301F-11D3-BF4B-00C04F79EFBC}") = "Program", "Program\Program.csproj", "{4C6A9D79-18C4-4DF4-816D-04139A2325B2}"
EndProject
Project("{FAE04EC0-301F-11D3-BF4B-00C04F79EFBC}") = "LZW.FileProcessing", "LZW.FileProcessing\LZW.FileProcessing.csproj", "{98CF721C-1C7F-455C-950B-CC7B366B0C4F}"
EndProject
Global
	GlobalSection(SolutionConfigurationPlatforms) = preSolution
		Debug|Any CPU = Debug|Any CPU
		Release|Any CPU = Release|Any CPU
	EndGlobalSection
	GlobalSection(SolutionProperties) = preSolution
		HideSolutionNode = FALSE
	EndGlobalSection
	GlobalSection(ProjectConfigurationPlatforms) = postSolution
		{22F127FD-A864-44A0-AA88-95EBCD77B3DA}.Debug|Any CPU.ActiveCfg = Debug|Any CPU
		{22F127FD-A864-44A0-AA88-95EBCD77B3DA}.Debug|Any CPU.Build.0 = Debug|Any CPU
		{22F127FD-A864-44A0-AA88-95EBCD77B3DA}.Release|Any CPU.ActiveCfg = Release|Any CPU
		{22F127FD-A864-44A0-AA88-95EBCD77B3DA}.Release|Any CPU.Build.0 = Release|Any CPU
		{40802BFD-8E66-4867-AB19-A091AC449C06}.Debug|Any CPU.ActiveCfg = Debug|Any CPU
		{40802BFD-8E66-4867-AB19-A091AC449C06}.Debug|Any CPU.Build.0 = Debug|Any CPU
		{40802BFD-8E66-4867-AB19-A091AC449C06}.Release|Any CPU.ActiveCfg = Release|Any CPU
		{40802BFD-8E66-4867-AB19-A091AC449C06}.Release|Any CPU.Build.0 = Release|Any CPU
		{AB72C38F-EE06-462C-83C7-D6D9F941B9D5}.Debug|Any CPU.ActiveCfg = Debug|Any CPU
		{AB72C38F-EE06-462C-83C7-D6D9F941B9D5}.Debug|Any CPU.Build.0 = Debug|Any CPU
		{AB72C38F-EE06-462C-83C7-D6D9F941B9D5}.Release|Any CPU.ActiveCfg = Release|Any CPU
		{AB72C38F-EE06-462C-83C7-D6D9F941B9D5}.Release|Any CPU.Build.0 = Release|Any CPU
		{00ED52E3-79C2-4B3D-B6B8-98178139121E}.Debug|Any CPU.ActiveCfg = Debug|Any CPU
		{00ED52E3-79C2-4B3D-B6B8-98178139121E}.Debug|Any CPU.Build.0 = Debug|Any CPU
		{00ED52E3-79C2-4B3D-B6B8-98178139121E}.Release|Any CPU.ActiveCfg = Release|Any CPU
		{00ED52E3-79C2-4B3D-B6B8-98178139121E}.Release|Any CPU.Build.0 = Release|Any CPU
		{4C6A9D79-18C4-4DF4-816D-04139A2325B2}.Debug|Any CPU.ActiveCfg = Debug|Any CPU
		{4C6A9D79-18C4-4DF4-816D-04139A2325B2}.Debug|Any CPU.Build.0 = Debug|Any CPU
		{4C6A9D79-18C4-4DF4-816D-04139A2325B2}.Release|Any CPU.ActiveCfg = Release|Any CPU
		{4C6A9D79-18C4-4DF4-816D-04139A2325B2}.Release|Any CPU.Build.0 = Release|Any CPU
		{D1B6726D-7ED6-44F3-9C0E-E0A8814EAC4B}.Debug|Any CPU.ActiveCfg = Debug|Any CPU
		{D1B6726D-7ED6-44F3-9C0E-E0A8814EAC4B}.Debug|Any CPU.Build.0 = Debug|Any CPU
		{D1B6726D-7ED6-44F3-9C0E-E0A8814EAC4B}.Release|Any CPU.ActiveCfg = Release|Any CPU
		{D1B6726D-7ED6-44F3-9C0E-E0A8814EAC4B}.Release|Any CPU.Build.0 = Release|Any CPU
		{66291669-9413-4A39-AAB7-5FB96F78D3CE}.Debug|Any CPU.ActiveCfg = Debug|Any CPU
		{66291669-9413-4A39-AAB7-5FB96F78D3CE}.Debug|Any CPU.Build.0 = Debug|Any CPU
		{66291669-9413-4A39-AAB7-5FB96F78D3CE}.Release|Any CPU.ActiveCfg = Release|Any CPU
		{66291669-9413-4A39-AAB7-5FB96F78D3CE}.Release|Any CPU.Build.0 = Release|Any CPU
		{98CF721C-1C7F-455C-950B-CC7B366B0C4F}.Debug|Any CPU.ActiveCfg = Debug|Any CPU
		{98CF721C-1C7F-455C-950B-CC7B366B0C4F}.Debug|Any CPU.Build.0 = Debug|Any CPU
		{98CF721C-1C7F-455C-950B-CC7B366B0C4F}.Release|Any CPU.ActiveCfg = Release|Any CPU
		{98CF721C-1C7F-455C-950B-CC7B366B0C4F}.Release|Any CPU.Build.0 = Release|Any CPU
	EndGlobalSection
EndGlobal
