
Microsoft Visual Studio Solution File, Format Version 12.00
# Visual Studio Version 17
VisualStudioVersion = 17.0.31903.59
MinimumVisualStudioVersion = 10.0.40219.1
Project("{FAE04EC0-301F-11D3-BF4B-00C04F79EFBC}") = "Program", "Program\Program.csproj", "{CE38FA9B-EC52-4D72-A105-AF4EBFC8514E}"
EndProject
Project("{FAE04EC0-301F-11D3-BF4B-00C04F79EFBC}") = "GUI", "GUI\GUI.csproj", "{5FE25ABC-E191-4E52-A430-1D81B5A27A77}"
EndProject
Project("{FAE04EC0-301F-11D3-BF4B-00C04F79EFBC}") = "Game", "Game\Game.csproj", "{C2F1699A-917B-4BFD-921C-F908959C96B4}"
EndProject
Global
	GlobalSection(SolutionConfigurationPlatforms) = preSolution
		Debug|Any CPU = Debug|Any CPU
		Release|Any CPU = Release|Any CPU
	EndGlobalSection
	GlobalSection(SolutionProperties) = preSolution
		HideSolutionNode = FALSE
	EndGlobalSection
	GlobalSection(ProjectConfigurationPlatforms) = postSolution
		{ECDE291F-64A1-48E8-8413-891E6E6513FB}.Debug|Any CPU.ActiveCfg = Debug|Any CPU
		{ECDE291F-64A1-48E8-8413-891E6E6513FB}.Debug|Any CPU.Build.0 = Debug|Any CPU
		{ECDE291F-64A1-48E8-8413-891E6E6513FB}.Release|Any CPU.ActiveCfg = Release|Any CPU
		{ECDE291F-64A1-48E8-8413-891E6E6513FB}.Release|Any CPU.Build.0 = Release|Any CPU
		{BB8D6862-11F7-4C4C-9243-B48F200CD49C}.Debug|Any CPU.ActiveCfg = Debug|Any CPU
		{BB8D6862-11F7-4C4C-9243-B48F200CD49C}.Debug|Any CPU.Build.0 = Debug|Any CPU
		{BB8D6862-11F7-4C4C-9243-B48F200CD49C}.Release|Any CPU.ActiveCfg = Release|Any CPU
		{BB8D6862-11F7-4C4C-9243-B48F200CD49C}.Release|Any CPU.Build.0 = Release|Any CPU
		{CE38FA9B-EC52-4D72-A105-AF4EBFC8514E}.Debug|Any CPU.ActiveCfg = Debug|Any CPU
		{CE38FA9B-EC52-4D72-A105-AF4EBFC8514E}.Debug|Any CPU.Build.0 = Debug|Any CPU
		{CE38FA9B-EC52-4D72-A105-AF4EBFC8514E}.Release|Any CPU.ActiveCfg = Release|Any CPU
		{CE38FA9B-EC52-4D72-A105-AF4EBFC8514E}.Release|Any CPU.Build.0 = Release|Any CPU
		{5FE25ABC-E191-4E52-A430-1D81B5A27A77}.Debug|Any CPU.ActiveCfg = Debug|Any CPU
		{5FE25ABC-E191-4E52-A430-1D81B5A27A77}.Debug|Any CPU.Build.0 = Debug|Any CPU
		{5FE25ABC-E191-4E52-A430-1D81B5A27A77}.Release|Any CPU.ActiveCfg = Release|Any CPU
		{5FE25ABC-E191-4E52-A430-1D81B5A27A77}.Release|Any CPU.Build.0 = Release|Any CPU
		{C2F1699A-917B-4BFD-921C-F908959C96B4}.Debug|Any CPU.ActiveCfg = Debug|Any CPU
		{C2F1699A-917B-4BFD-921C-F908959C96B4}.Debug|Any CPU.Build.0 = Debug|Any CPU
		{C2F1699A-917B-4BFD-921C-F908959C96B4}.Release|Any CPU.ActiveCfg = Release|Any CPU
		{C2F1699A-917B-4BFD-921C-F908959C96B4}.Release|Any CPU.Build.0 = Release|Any CPU
	EndGlobalSection
EndGlobal
