Microsoft Visual Studio Solution File, Format Version 12.00
# Visual Studio Version 17
VisualStudioVersion = 17.5.2.0
MinimumVisualStudioVersion = 10.0.40219.1
Project("{FAE04EC0-301F-11D3-BF4B-00C04F79EFBC}") = "BWT", "BWT.csproj", "{B25C1094-6884-198F-0565-6445C4AE7175}"
EndProject
Global
	GlobalSection(SolutionConfigurationPlatforms) = preSolution
		Debug|Any CPU = Debug|Any CPU
		Release|Any CPU = Release|Any CPU
	EndGlobalSection
	GlobalSection(ProjectConfigurationPlatforms) = postSolution
		{B25C1094-6884-198F-0565-6445C4AE7175}.Debug|Any CPU.ActiveCfg = Debug|Any CPU
		{B25C1094-6884-198F-0565-6445C4AE7175}.Debug|Any CPU.Build.0 = Debug|Any CPU
		{B25C1094-6884-198F-0565-6445C4AE7175}.Release|Any CPU.ActiveCfg = Release|Any CPU
		{B25C1094-6884-198F-0565-6445C4AE7175}.Release|Any CPU.Build.0 = Release|Any CPU
	EndGlobalSection
	GlobalSection(SolutionProperties) = preSolution
		HideSolutionNode = FALSE
	EndGlobalSection
	GlobalSection(ExtensibilityGlobals) = postSolution
		SolutionGuid = {F2E16A73-DEEB-47F8-86EE-BA0E4B163E40}
	EndGlobalSection
EndGlobal
