
Microsoft Visual Studio Solution File, Format Version 12.00
# Visual Studio Version 17
VisualStudioVersion = 17.0.31903.59
MinimumVisualStudioVersion = 10.0.40219.1
Project("{FAE04EC0-301F-11D3-BF4B-00C04F79EFBC}") = "LZW", "LZW\LZW.csproj", "{C0DE0523-F239-453F-B477-192EB8130CFE}"
EndProject
Project("{FAE04EC0-301F-11D3-BF4B-00C04F79EFBC}") = "Program", "Program\Program.csproj", "{E9D26F50-41D0-400C-9704-8492A7BF2096}"
EndProject
Project("{FAE04EC0-301F-11D3-BF4B-00C04F79EFBC}") = "Trie", "Trie\Trie.csproj", "{FF4B19FF-01A0-42D4-80C5-B69FDC6B6A55}"
EndProject
Project("{FAE04EC0-301F-11D3-BF4B-00C04F79EFBC}") = "LZW.Tests", "LZW.Tests\LZW.Tests.csproj", "{AAF04A8D-865A-4FF2-B46B-380FC287D4F9}"
EndProject
Project("{FAE04EC0-301F-11D3-BF4B-00C04F79EFBC}") = "BWT", "BWT\BWT.csproj", "{443BC0DE-B387-43E4-8056-520E69B8F3A4}"
EndProject
Project("{FAE04EC0-301F-11D3-BF4B-00C04F79EFBC}") = "BWTxLZW", "BWTxLZW\BWTxLZW.csproj", "{872B1D79-F81D-48B6-B62C-DB1177649545}"
EndProject
Project("{FAE04EC0-301F-11D3-BF4B-00C04F79EFBC}") = "BWTxLZW.Tests", "BWTxLZW.Tests\BWTxLZW.Tests.csproj", "{5F754C40-9709-408A-9947-357A51A6A63D}"
EndProject
Project("{FAE04EC0-301F-11D3-BF4B-00C04F79EFBC}") = "BWT.Tests", "BWT.Tests\BWT.Tests.csproj", "{B0BE95FB-FA18-4FEF-9A3E-FFD4F6BB74C9}"
EndProject
Project("{FAE04EC0-301F-11D3-BF4B-00C04F79EFBC}") = "Trie.Tests", "Trie.Tests\Trie.Tests.csproj", "{787D6BB8-2E8A-4001-9AAD-3BF946039FE5}"
EndProject
Project("{FAE04EC0-301F-11D3-BF4B-00C04F79EFBC}") = "BWTEffectTest", "BWTEffectTest\BWTEffectTest.csproj", "{62BE3E83-11DB-483E-97A9-67A23E742DF2}"
EndProject
Global
	GlobalSection(SolutionConfigurationPlatforms) = preSolution
		Debug|Any CPU = Debug|Any CPU
		Release|Any CPU = Release|Any CPU
	EndGlobalSection
	GlobalSection(SolutionProperties) = preSolution
		HideSolutionNode = FALSE
	EndGlobalSection
	GlobalSection(ProjectConfigurationPlatforms) = postSolution
		{C0DE0523-F239-453F-B477-192EB8130CFE}.Debug|Any CPU.ActiveCfg = Debug|Any CPU
		{C0DE0523-F239-453F-B477-192EB8130CFE}.Debug|Any CPU.Build.0 = Debug|Any CPU
		{C0DE0523-F239-453F-B477-192EB8130CFE}.Release|Any CPU.ActiveCfg = Release|Any CPU
		{C0DE0523-F239-453F-B477-192EB8130CFE}.Release|Any CPU.Build.0 = Release|Any CPU
		{E9D26F50-41D0-400C-9704-8492A7BF2096}.Debug|Any CPU.ActiveCfg = Debug|Any CPU
		{E9D26F50-41D0-400C-9704-8492A7BF2096}.Debug|Any CPU.Build.0 = Debug|Any CPU
		{E9D26F50-41D0-400C-9704-8492A7BF2096}.Release|Any CPU.ActiveCfg = Release|Any CPU
		{E9D26F50-41D0-400C-9704-8492A7BF2096}.Release|Any CPU.Build.0 = Release|Any CPU
		{FF4B19FF-01A0-42D4-80C5-B69FDC6B6A55}.Debug|Any CPU.ActiveCfg = Debug|Any CPU
		{FF4B19FF-01A0-42D4-80C5-B69FDC6B6A55}.Debug|Any CPU.Build.0 = Debug|Any CPU
		{FF4B19FF-01A0-42D4-80C5-B69FDC6B6A55}.Release|Any CPU.ActiveCfg = Release|Any CPU
		{FF4B19FF-01A0-42D4-80C5-B69FDC6B6A55}.Release|Any CPU.Build.0 = Release|Any CPU
		{AAF04A8D-865A-4FF2-B46B-380FC287D4F9}.Debug|Any CPU.ActiveCfg = Debug|Any CPU
		{AAF04A8D-865A-4FF2-B46B-380FC287D4F9}.Debug|Any CPU.Build.0 = Debug|Any CPU
		{AAF04A8D-865A-4FF2-B46B-380FC287D4F9}.Release|Any CPU.ActiveCfg = Release|Any CPU
		{AAF04A8D-865A-4FF2-B46B-380FC287D4F9}.Release|Any CPU.Build.0 = Release|Any CPU
		{443BC0DE-B387-43E4-8056-520E69B8F3A4}.Debug|Any CPU.ActiveCfg = Debug|Any CPU
		{443BC0DE-B387-43E4-8056-520E69B8F3A4}.Debug|Any CPU.Build.0 = Debug|Any CPU
		{443BC0DE-B387-43E4-8056-520E69B8F3A4}.Release|Any CPU.ActiveCfg = Release|Any CPU
		{443BC0DE-B387-43E4-8056-520E69B8F3A4}.Release|Any CPU.Build.0 = Release|Any CPU
		{872B1D79-F81D-48B6-B62C-DB1177649545}.Debug|Any CPU.ActiveCfg = Debug|Any CPU
		{872B1D79-F81D-48B6-B62C-DB1177649545}.Debug|Any CPU.Build.0 = Debug|Any CPU
		{872B1D79-F81D-48B6-B62C-DB1177649545}.Release|Any CPU.ActiveCfg = Release|Any CPU
		{872B1D79-F81D-48B6-B62C-DB1177649545}.Release|Any CPU.Build.0 = Release|Any CPU
		{5F754C40-9709-408A-9947-357A51A6A63D}.Debug|Any CPU.ActiveCfg = Debug|Any CPU
		{5F754C40-9709-408A-9947-357A51A6A63D}.Debug|Any CPU.Build.0 = Debug|Any CPU
		{5F754C40-9709-408A-9947-357A51A6A63D}.Release|Any CPU.ActiveCfg = Release|Any CPU
		{5F754C40-9709-408A-9947-357A51A6A63D}.Release|Any CPU.Build.0 = Release|Any CPU
		{B0BE95FB-FA18-4FEF-9A3E-FFD4F6BB74C9}.Debug|Any CPU.ActiveCfg = Debug|Any CPU
		{B0BE95FB-FA18-4FEF-9A3E-FFD4F6BB74C9}.Debug|Any CPU.Build.0 = Debug|Any CPU
		{B0BE95FB-FA18-4FEF-9A3E-FFD4F6BB74C9}.Release|Any CPU.ActiveCfg = Release|Any CPU
		{B0BE95FB-FA18-4FEF-9A3E-FFD4F6BB74C9}.Release|Any CPU.Build.0 = Release|Any CPU
		{787D6BB8-2E8A-4001-9AAD-3BF946039FE5}.Debug|Any CPU.ActiveCfg = Debug|Any CPU
		{787D6BB8-2E8A-4001-9AAD-3BF946039FE5}.Debug|Any CPU.Build.0 = Debug|Any CPU
		{787D6BB8-2E8A-4001-9AAD-3BF946039FE5}.Release|Any CPU.ActiveCfg = Release|Any CPU
		{787D6BB8-2E8A-4001-9AAD-3BF946039FE5}.Release|Any CPU.Build.0 = Release|Any CPU
		{62BE3E83-11DB-483E-97A9-67A23E742DF2}.Debug|Any CPU.ActiveCfg = Debug|Any CPU
		{62BE3E83-11DB-483E-97A9-67A23E742DF2}.Debug|Any CPU.Build.0 = Debug|Any CPU
		{62BE3E83-11DB-483E-97A9-67A23E742DF2}.Release|Any CPU.ActiveCfg = Release|Any CPU
		{62BE3E83-11DB-483E-97A9-67A23E742DF2}.Release|Any CPU.Build.0 = Release|Any CPU
	EndGlobalSection
EndGlobal
